{
  "requires": true,
  "lockfileVersion": 1,
  "dependencies": {
    "@tanstack/eslint-plugin-query": {
      "version": "4.24.5",
      "resolved": "https://registry.npmjs.org/@tanstack/eslint-plugin-query/-/eslint-plugin-query-4.24.5.tgz",
      "integrity": "sha512-KvuRkA9fYRZF9umwpLpWLcEqAVK7IWK8qjmnR3iwPIpkTFNGzaGogs7YkRCZs6q77QxI+c6MWG4xwjLIK/UmdA==",
      "dev": true
    }
  }
}
